{
  "name": "Samuel_Contest",
  "lockfileVersion": 2,
  "requires": true,
  "packages": {
    "": {
      "dependencies": {
        "black": "^0.3.0",
        "pytest": "^1.0.0"
      }
    },
    "node_modules/black": {
      "version": "0.3.0",
      "resolved": "https://registry.npmjs.org/black/-/black-0.3.0.tgz",
      "integrity": "sha1-4aJKPKu55gmo5CQUSW4QBnvsZyQ=",
      "engines": {
        "node": "*"
      }
    },
    "node_modules/pytest": {
      "version": "1.0.0",
      "resolved": "https://registry.npmjs.org/pytest/-/pytest-1.0.0.tgz",
      "integrity": "sha512-nh2Z5MFd6WyMqUYvLoTrbGpkcI1Gb2GQ2HmdaGZ0h4lCc8FENRhSr5lcHKSK9KIQ9gfrUT5zJaxRbaA/1XjLlA==",
      "bin": {
        "start11": "test.js"
      }
    }
  },
  "dependencies": {
    "black": {
      "version": "0.3.0",
      "resolved": "https://registry.npmjs.org/black/-/black-0.3.0.tgz",
      "integrity": "sha1-4aJKPKu55gmo5CQUSW4QBnvsZyQ="
    },
    "pytest": {
      "version": "1.0.0",
      "resolved": "https://registry.npmjs.org/pytest/-/pytest-1.0.0.tgz",
      "integrity": "sha512-nh2Z5MFd6WyMqUYvLoTrbGpkcI1Gb2GQ2HmdaGZ0h4lCc8FENRhSr5lcHKSK9KIQ9gfrUT5zJaxRbaA/1XjLlA=="
    }
  }
}
